
Microsoft Visual Studio Solution File, Format Version 12.00
# Visual Studio Version 16
VisualStudioVersion = 16.0.31729.503
MinimumVisualStudioVersion = 10.0.40219.1
Project("{9A19103F-16F7-4668-BE54-9A1E7A4F7556}") = "Testavimas_1", "Testavimas_1\Testavimas_1.csproj", "{0BA8A12C-FF16-47EC-AD8F-06E34BC5E2E8}"
EndProject
Project("{FAE04EC0-301F-11D3-BF4B-00C04F79EFBC}") = "Tests", "Tests\Tests.csproj", "{5016365B-9517-44AE-A58C-3ED4ED7F6256}"
EndProject
Global
	GlobalSection(SolutionConfigurationPlatforms) = preSolution
		Debug|Any CPU = Debug|Any CPU
		Release|Any CPU = Release|Any CPU
	EndGlobalSection
	GlobalSection(ProjectConfigurationPlatforms) = postSolution
		{0BA8A12C-FF16-47EC-AD8F-06E34BC5E2E8}.Debug|Any CPU.ActiveCfg = Debug|Any CPU
		{0BA8A12C-FF16-47EC-AD8F-06E34BC5E2E8}.Debug|Any CPU.Build.0 = Debug|Any CPU
		{0BA8A12C-FF16-47EC-AD8F-06E34BC5E2E8}.Release|Any CPU.ActiveCfg = Release|Any CPU
		{0BA8A12C-FF16-47EC-AD8F-06E34BC5E2E8}.Release|Any CPU.Build.0 = Release|Any CPU
		{5016365B-9517-44AE-A58C-3ED4ED7F6256}.Debug|Any CPU.ActiveCfg = Debug|Any CPU
		{5016365B-9517-44AE-A58C-3ED4ED7F6256}.Debug|Any CPU.Build.0 = Debug|Any CPU
		{5016365B-9517-44AE-A58C-3ED4ED7F6256}.Release|Any CPU.ActiveCfg = Release|Any CPU
		{5016365B-9517-44AE-A58C-3ED4ED7F6256}.Release|Any CPU.Build.0 = Release|Any CPU
	EndGlobalSection
	GlobalSection(SolutionProperties) = preSolution
		HideSolutionNode = FALSE
	EndGlobalSection
	GlobalSection(ExtensibilityGlobals) = postSolution
		SolutionGuid = {F8AF4371-AFBD-4EE9-AAE2-D3F2BF45B386}
	EndGlobalSection
EndGlobal
